
Microsoft Visual Studio Solution File, Format Version 12.00
# Visual Studio Version 16
VisualStudioVersion = 16.0.32407.337
MinimumVisualStudioVersion = 10.0.40219.1
Project("{8BC9CEB8-8B4A-11D0-8D11-00A0C91BC942}") = "StateMachine", "StateMachine.vcxproj", "{6366A0A7-F8A7-4FD7-8031-087B916D3836}"
EndProject
Global
	GlobalSection(SolutionConfigurationPlatforms) = preSolution
		Debug|x64 = Debug|x64
		Debug|x86 = Debug|x86
		Release|x64 = Release|x64
		Release|x86 = Release|x86
	EndGlobalSection
	GlobalSection(ProjectConfigurationPlatforms) = postSolution
		{6366A0A7-F8A7-4FD7-8031-087B916D3836}.Debug|x64.ActiveCfg = Debug|x64
		{6366A0A7-F8A7-4FD7-8031-087B916D3836}.Debug|x64.Build.0 = Debug|x64
		{6366A0A7-F8A7-4FD7-8031-087B916D3836}.Debug|x86.ActiveCfg = Debug|Win32
		{6366A0A7-F8A7-4FD7-8031-087B916D3836}.Debug|x86.Build.0 = Debug|Win32
		{6366A0A7-F8A7-4FD7-8031-087B916D3836}.Release|x64.ActiveCfg = Release|x64
		{6366A0A7-F8A7-4FD7-8031-087B916D3836}.Release|x64.Build.0 = Release|x64
		{6366A0A7-F8A7-4FD7-8031-087B916D3836}.Release|x86.ActiveCfg = Release|Win32
		{6366A0A7-F8A7-4FD7-8031-087B916D3836}.Release|x86.Build.0 = Release|Win32
	EndGlobalSection
	GlobalSection(SolutionProperties) = preSolution
		HideSolutionNode = FALSE
	EndGlobalSection
	GlobalSection(ExtensibilityGlobals) = postSolution
		SolutionGuid = {C30E9FD5-235D-49E7-A515-DD94B221D2E8}
	EndGlobalSection
EndGlobal
