
Microsoft Visual Studio Solution File, Format Version 12.00
# Visual Studio 2012
Project("{8BC9CEB8-8B4A-11D0-8D11-00A0C91BC942}") = "NumberEncryption", "NumberEncryption.vcxproj", "{E3260251-12A5-48AA-A2BA-07887FF35C75}"
EndProject
Global
	GlobalSection(SolutionConfigurationPlatforms) = preSolution
		Debug|Win32 = Debug|Win32
		Release|Win32 = Release|Win32
	EndGlobalSection
	GlobalSection(ProjectConfigurationPlatforms) = postSolution
		{E3260251-12A5-48AA-A2BA-07887FF35C75}.Debug|Win32.ActiveCfg = Debug|Win32
		{E3260251-12A5-48AA-A2BA-07887FF35C75}.Debug|Win32.Build.0 = Debug|Win32
		{E3260251-12A5-48AA-A2BA-07887FF35C75}.Release|Win32.ActiveCfg = Release|Win32
		{E3260251-12A5-48AA-A2BA-07887FF35C75}.Release|Win32.Build.0 = Release|Win32
	EndGlobalSection
	GlobalSection(SolutionProperties) = preSolution
		HideSolutionNode = FALSE
	EndGlobalSection
EndGlobal
